// !$*UTF8*$!
{
	archiveVersion = 1;
	classes = {
	};
	objectVersion = 46;
	objects = {

/* Begin PBXBuildFile section */
		D77871D31D941C78002BE0EA /* main.m in Sources */ = {isa = PBXBuildFile; fileRef = D77871D21D941C78002BE0EA /* main.m */; };
		D77871D61D941C78002BE0EA /* AppDelegate.m in Sources */ = {isa = PBXBuildFile; fileRef = D77871D51D941C78002BE0EA /* AppDelegate.m */; };
		D77871D91D941C78002BE0EA /* ViewController.m in Sources */ = {isa = PBXBuildFile; fileRef = D77871D81D941C78002BE0EA /* ViewController.m */; };
		D77871DC1D941C78002BE0EA /* Main.storyboard in Resources */ = {isa = PBXBuildFile; fileRef = D77871DA1D941C78002BE0EA /* Main.storyboard */; };
		D77871DE1D941C78002BE0EA /* Assets.xcassets in Resources */ = {isa = PBXBuildFile; fileRef = D77871DD1D941C78002BE0EA /* Assets.xcassets */; };
		D77871E11D941C78002BE0EA /* LaunchScreen.storyboard in Resources */ = {isa = PBXBuildFile; fileRef = D77871DF1D941C78002BE0EA /* LaunchScreen.storyboard */; };
/* End PBXBuildFile section */

/* Begin PBXFileReference section */
		D77871CE1D941C78002BE0EA /* DailyMenu.app */ = {isa = PBXFileReference; explicitFileType = wrapper.application; includeInIndex = 0; path = DailyMenu.app; sourceTree = BUILT_PRODUCTS_DIR; };
		D77871D21D941C78002BE0EA /* main.m */ = {isa = PBXFileReference; lastKnownFileType = sourcecode.c.objc; path = main.m; sourceTree = "<group>"; };
		D77871D41D941C78002BE0EA /* AppDelegate.h */ = {isa = PBXFileReference; lastKnownFileType = sourcecode.c.h; path = AppDelegate.h; sourceTree = "<group>"; };
		D77871D51D941C78002BE0EA /* AppDelegate.m */ = {isa = PBXFileReference; lastKnownFileType = sourcecode.c.objc; path = AppDelegate.m; sourceTree = "<group>"; };
		D77871D71D941C78002BE0EA /* ViewController.h */ = {isa = PBXFileReference; lastKnownFileType = sourcecode.c.h; path = ViewController.h; sourceTree = "<group>"; };
		D77871D81D941C78002BE0EA /* ViewController.m */ = {isa = PBXFileReference; lastKnownFileType = sourcecode.c.objc; path = ViewController.m; sourceTree = "<group>"; };
		D77871DB1D941C78002BE0EA /* Base */ = {isa = PBXFileReference; lastKnownFileType = file.storyboard; name = Base; path = Base.lproj/Main.storyboard; sourceTree = "<group>"; };
		D77871DD1D941C78002BE0EA /* Assets.xcassets */ = {isa = PBXFileReference; lastKnownFileType = folder.assetcatalog; path = Assets.xcassets; sourceTree = "<group>"; };
		D77871E01D941C78002BE0EA /* Base */ = {isa = PBXFileReference; lastKnownFileType = file.storyboard; name = Base; path = Base.lproj/LaunchScreen.storyboard; sourceTree = "<group>"; };
		D77871E21D941C78002BE0EA /* Info.plist */ = {isa = PBXFileReference; lastKnownFileType = text.plist.xml; path = Info.plist; sourceTree = "<group>"; };
/* End PBXFileReference section */

/* Begin PBXFrameworksBuildPhase section */
		D77871CB1D941C78002BE0EA /* Frameworks */ = {
			isa = PBXFrameworksBuildPhase;
			buildActionMask = 2147483647;
			files = (
			);
			runOnlyForDeploymentPostprocessing = 0;
		};
/* End PBXFrameworksBuildPhase section */

/* Begin PBXGroup section */
		D77871C51D941C77002BE0EA = {
			isa = PBXGroup;
			children = (
				D77871D01D941C78002BE0EA /* DailyMenu */,
				D77871CF1D941C78002BE0EA /* Products */,
			);
			sourceTree = "<group>";
		};
		D77871CF1D941C78002BE0EA /* Products */ = {
			isa = PBXGroup;
			children = (
				D77871CE1D941C78002BE0EA /* DailyMenu.app */,
			);
			name = Products;
			sourceTree = "<group>";
		};
		D77871D01D941C78002BE0EA /* DailyMenu */ = {
			isa = PBXGroup;
			children = (
				D77871D41D941C78002BE0EA /* AppDelegate.h */,
				D77871D51D941C78002BE0EA /* AppDelegate.m */,
				D77871D71D941C78002BE0EA /* ViewController.h */,
				D77871D81D941C78002BE0EA /* ViewController.m */,
				D77871DA1D941C78002BE0EA /* Main.storyboard */,
				D77871DD1D941C78002BE0EA /* Assets.xcassets */,
				D77871DF1D941C78002BE0EA /* LaunchScreen.storyboard */,
				D77871E21D941C78002BE0EA /* Info.plist */,
				D77871D11D941C78002BE0EA /* Supporting Files */,
			);
			path = DailyMenu;
			sourceTree = "<group>";
		};
		D77871D11D941C78002BE0EA /* Supporting Files */ = {
			isa = PBXGroup;
			children = (
				D77871D21D941C78002BE0EA /* main.m */,
			);
			name = "Supporting Files";
			sourceTree = "<group>";
		};
/* End PBXGroup section */

/* Begin PBXNativeTarget section */
		D77871CD1D941C78002BE0EA /* DailyMenu */ = {
			isa = PBXNativeTarget;
			buildConfigurationList = D77871E51D941C78002BE0EA /* Build configuration list for PBXNativeTarget "DailyMenu" */;
			buildPhases = (
				D77871CA1D941C78002BE0EA /* Sources */,
				D77871CB1D941C78002BE0EA /* Frameworks */,
				D77871CC1D941C78002BE0EA /* Resources */,
			);
			buildRules = (
			);
			dependencies = (
			);
			name = DailyMenu;
			productName = DailyMenu;
			productReference = D77871CE1D941C78002BE0EA /* DailyMenu.app */;
			productType = "com.apple.product-type.application";
		};
/* End PBXNativeTarget section */

/* Begin PBXProject section */
		D77871C61D941C77002BE0EA /* Project object */ = {
			isa = PBXProject;
			attributes = {
				LastUpgradeCheck = 0730;
				ORGANIZATIONNAME = xfy;
				TargetAttributes = {
					D77871CD1D941C78002BE0EA = {
						CreatedOnToolsVersion = 7.3.1;
					};
				};
			};
			buildConfigurationList = D77871C91D941C77002BE0EA /* Build configuration list for PBXProject "DailyMenu" */;
			compatibilityVersion = "Xcode 3.2";
			developmentRegion = English;
			hasScannedForEncodings = 0;
			knownRegions = (
				en,
				Base,
			);
			mainGroup = D77871C51D941C77002BE0EA;
			productRefGroup = D77871CF1D941C78002BE0EA /* Products */;
			projectDirPath = "";
			projectRoot = "";
			targets = (
				D77871CD1D941C78002BE0EA /* DailyMenu */,
			);
		};
/* End PBXProject section */

/* Begin PBXResourcesBuildPhase section */
		D77871CC1D941C78002BE0EA /* Resources */ = {
			isa = PBXResourcesBuildPhase;
			buildActionMask = 2147483647;
			files = (
				D77871E11D941C78002BE0EA /* LaunchScreen.storyboard in Resources */,
				D77871DE1D941C78002BE0EA /* Assets.xcassets in Resources */,
				D77871DC1D941C78002BE0EA /* Main.storyboard in Resources */,
			);
			runOnlyForDeploymentPostprocessing = 0;
		};
/* End PBXResourcesBuildPhase section */

/* Begin PBXSourcesBuildPhase section */
		D77871CA1D941C78002BE0EA /* Sources */ = {
			isa = PBXSourcesBuildPhase;
			buildActionMask = 2147483647;
			files = (
				D77871D91D941C78002BE0EA /* ViewController.m in Sources */,
				D77871D61D941C78002BE0EA /* AppDelegate.m in Sources */,
				D77871D31D941C78002BE0EA /* main.m in Sources */,
			);
			runOnlyForDeploymentPostprocessing = 0;
		};
/* End PBXSourcesBuildPhase section */

/* Begin PBXVariantGroup section */
		D77871DA1D941C78002BE0EA /* Main.storyboard */ = {
			isa = PBXVariantGroup;
			children = (
				D77871DB1D941C78002BE0EA /* Base */,
			);
			name = Main.storyboard;
			sourceTree = "<group>";
		};
		D77871DF1D941C78002BE0EA /* LaunchScreen.storyboard */ = {
			isa = PBXVariantGroup;
			children = (
				D77871E01D941C78002BE0EA /* Base */,
			);
			name = LaunchScreen.storyboard;
			sourceTree = "<group>";
		};
/* End PBXVariantGroup section */

/* Begin XCBuildConfiguration section */
		D77871E31D941C78002BE0EA /* Debug */ = {
			isa = XCBuildConfiguration;
			buildSettings = {
				ALWAYS_SEARCH_USER_PATHS = NO;
				CLANG_ANALYZER_NONNULL = YES;
				CLANG_CXX_LANGUAGE_STANDARD = "gnu++0x";
				CLANG_CXX_LIBRARY = "libc++";
				CLANG_ENABLE_MODULES = YES;
				CLANG_ENABLE_OBJC_ARC = YES;
				CLANG_WARN_BOOL_CONVERSION = YES;
				CLANG_WARN_CONSTANT_CONVERSION = YES;
				CLANG_WARN_DIRECT_OBJC_ISA_USAGE = YES_ERROR;
				CLANG_WARN_EMPTY_BODY = YES;
				CLANG_WARN_ENUM_CONVERSION = YES;
				CLANG_WARN_INT_CONVERSION = YES;
				CLANG_WARN_OBJC_ROOT_CLASS = YES_ERROR;
				CLANG_WARN_UNREACHABLE_CODE = YES;
				CLANG_WARN__DUPLICATE_METHOD_MATCH = YES;
				"CODE_SIGN_IDENTITY[sdk=iphoneos*]" = "iPhone Developer";
				COPY_PHASE_STRIP = NO;
				DEBUG_INFORMATION_FORMAT = dwarf;
				ENABLE_STRICT_OBJC_MSGSEND = YES;
				ENABLE_TESTABILITY = YES;
				GCC_C_LANGUAGE_STANDARD = gnu99;
				GCC_DYNAMIC_NO_PIC = NO;
				GCC_NO_COMMON_BLOCKS = YES;
				GCC_OPTIMIZATION_LEVEL = 0;
				GCC_PREPROCESSOR_DEFINITIONS = (
					"DEBUG=1",
					"$(inherited)",
				);
				GCC_WARN_64_TO_32_BIT_CONVERSION = YES;
				GCC_WARN_ABOUT_RETURN_TYPE = YES_ERROR;
				GCC_WARN_UNDECLARED_SELECTOR = YES;
				GCC_WARN_UNINITIALIZED_AUTOS = YES_AGGRESSIVE;
				GCC_WARN_UNUSED_FUNCTION = YES;
				GCC_WARN_UNUSED_VARIABLE = YES;
				IPHONEOS_DEPLOYMENT_TARGET = 9.3;
				MTL_ENABLE_DEBUG_INFO = YES;
				ONLY_ACTIVE_ARCH = YES;
				SDKROOT = iphoneos;
			};
			name = Debug;
		};
		D77871E41D941C78002BE0EA /* Release */ = {
			isa = XCBuildConfiguration;
			buildSettings = {
				ALWAYS_SEARCH_USER_PATHS = NO;
				CLANG_ANALYZER_NONNULL = YES;
				CLANG_CXX_LANGUAGE_STANDARD = "gnu++0x";
				CLANG_CXX_LIBRARY = "libc++";
				CLANG_ENABLE_MODULES = YES;
				CLANG_ENABLE_OBJC_ARC = YES;
				CLANG_WARN_BOOL_CONVERSION = YES;
				CLANG_WARN_CONSTANT_CONVERSION = YES;
				CLANG_WARN_DIRECT_OBJC_ISA_USAGE = YES_ERROR;
				CLANG_WARN_EMPTY_BODY = YES;
				CLANG_WARN_ENUM_CONVERSION = YES;
				CLANG_WARN_INT_CONVERSION = YES;
				CLANG_WARN_OBJC_ROOT_CLASS = YES_ERROR;
				CLANG_WARN_UNREACHABLE_CODE = YES;
				CLANG_WARN__DUPLICATE_METHOD_MATCH = YES;
				"CODE_SIGN_IDENTITY[sdk=iphoneos*]" = "iPhone Developer";
				COPY_PHASE_STRIP = NO;
				DEBUG_INFORMATION_FORMAT = "dwarf-with-dsym";
				ENABLE_NS_ASSERTIONS = NO;
				ENABLE_STRICT_OBJC_MSGSEND = YES;
				GCC_C_LANGUAGE_STANDARD = gnu99;
				GCC_NO_COMMON_BLOCKS = YES;
				GCC_WARN_64_TO_32_BIT_CONVERSION = YES;
				GCC_WARN_ABOUT_RETURN_TYPE = YES_ERROR;
				GCC_WARN_UNDECLARED_SELECTOR = YES;
				GCC_WARN_UNINITIALIZED_AUTOS = YES_AGGRESSIVE;
				GCC_WARN_UNUSED_FUNCTION = YES;
				GCC_WARN_UNUSED_VARIABLE = YES;
				IPHONEOS_DEPLOYMENT_TARGET = 9.3;
				MTL_ENABLE_DEBUG_INFO = NO;
				SDKROOT = iphoneos;
				VALIDATE_PRODUCT = YES;
			};
			name = Release;
		};
		D77871E61D941C78002BE0EA /* Debug */ = {
			isa = XCBuildConfiguration;
			buildSettings = {
				ASSETCATALOG_COMPILER_APPICON_NAME = AppIcon;
				INFOPLIST_FILE = DailyMenu/Info.plist;
				LD_RUNPATH_SEARCH_PATHS = "$(inherited) @executable_path/Frameworks";
				PRODUCT_BUNDLE_IDENTIFIER = code.xfy.DailyMenu;
				PRODUCT_NAME = "$(TARGET_NAME)";
			};
			name = Debug;
		};
		D77871E71D941C78002BE0EA /* Release */ = {
			isa = XCBuildConfiguration;
			buildSettings = {
				ASSETCATALOG_COMPILER_APPICON_NAME = AppIcon;
				INFOPLIST_FILE = DailyMenu/Info.plist;
				LD_RUNPATH_SEARCH_PATHS = "$(inherited) @executable_path/Frameworks";
				PRODUCT_BUNDLE_IDENTIFIER = code.xfy.DailyMenu;
				PRODUCT_NAME = "$(TARGET_NAME)";
			};
			name = Release;
		};
/* End XCBuildConfiguration section */

/* Begin XCConfigurationList section */
		D77871C91D941C77002BE0EA /* Build configuration list for PBXProject "DailyMenu" */ = {
			isa = XCConfigurationList;
			buildConfigurations = (
				D77871E31D941C78002BE0EA /* Debug */,
				D77871E41D941C78002BE0EA /* Release */,
			);
			defaultConfigurationIsVisible = 0;
			defaultConfigurationName = Release;
		};
		D77871E51D941C78002BE0EA /* Build configuration list for PBXNativeTarget "DailyMenu" */ = {
			isa = XCConfigurationList;
			buildConfigurations = (
				D77871E61D941C78002BE0EA /* Debug */,
				D77871E71D941C78002BE0EA /* Release */,
			);
			defaultConfigurationIsVisible = 0;
		};
/* End XCConfigurationList section */
	};
	rootObject = D77871C61D941C77002BE0EA /* Project object */;
}
